
Microsoft Visual Studio Solution File, Format Version 12.00
# Visual Studio Version 17
VisualStudioVersion = 17.0.31912.275
MinimumVisualStudioVersion = 10.0.40219.1
Project("{FAE04EC0-301F-11D3-BF4B-00C04F79EFBC}") = "Green Gears", "Green Gears\Green Gears.csproj", "{A63F47FB-9967-49BD-ACC2-543FE055777F}"
EndProject
Global
	GlobalSection(SolutionConfigurationPlatforms) = preSolution
		Debug|Any CPU = Debug|Any CPU
		Release|Any CPU = Release|Any CPU
	EndGlobalSection
	GlobalSection(ProjectConfigurationPlatforms) = postSolution
		{A63F47FB-9967-49BD-ACC2-543FE055777F}.Debug|Any CPU.ActiveCfg = Debug|Any CPU
		{A63F47FB-9967-49BD-ACC2-543FE055777F}.Debug|Any CPU.Build.0 = Debug|Any CPU
		{A63F47FB-9967-49BD-ACC2-543FE055777F}.Release|Any CPU.ActiveCfg = Release|Any CPU
		{A63F47FB-9967-49BD-ACC2-543FE055777F}.Release|Any CPU.Build.0 = Release|Any CPU
	EndGlobalSection
	GlobalSection(SolutionProperties) = preSolution
		HideSolutionNode = FALSE
	EndGlobalSection
	GlobalSection(ExtensibilityGlobals) = postSolution
		SolutionGuid = {7E5D3BB5-5093-4069-9BA1-DD65DFE9D0E0}
	EndGlobalSection
EndGlobal
